// !$*UTF8*$!
{
    archiveVersion = 1;
    classes = {};
    objectVersion = 46;
    rootObject = __RootObject_;
    objects = {
        __RootObject_ = {
            isa = PBXProject;
            attributes = {LastUpgradeCheck = 9999;};
            buildConfigurationList = ___RootConfs_;
            compatibilityVersion = 'Xcode 3.2';
            developmentRegion = English;
            hasScannedForEncodings = 0;
            knownRegions = (en);
            mainGroup = ___RootGroup_;
            productRefGroup = ____Products_;
            projectDirPath = '';
            projectRoot = '';
            targets = (______Target_Jay, ______Target_JayExample, ______Target_JayTestSuite);
        };
        '__PBXFileRef_Package.swift' = {
            isa = PBXFileReference;
            lastKnownFileType = sourcecode.swift;
            name = 'Package.swift';
            path = '/Users/honzadvorsky/Documents/Jay/Package.swift';
            sourceTree = '<group>';
        };
        ___RootGroup_ = {
            isa = PBXGroup;
            children = ('__PBXFileRef_Package.swift', _____Sources_, Dependencies_, _______Tests_, ____Products_);
            sourceTree = '<group>';
        };
        _______Group_Jay = {
            isa = PBXGroup;
            name = Jay;
            path = '../Sources/Jay';
            sourceTree = '<group>';
            children = ('__PBXFileRef_Sources/Jay/ArrayParser.swift', '__PBXFileRef_Sources/Jay/BooleanParser.swift', '__PBXFileRef_Sources/Jay/ByteReader.swift', '__PBXFileRef_Sources/Jay/Consts.swift', '__PBXFileRef_Sources/Jay/Error.swift', '__PBXFileRef_Sources/Jay/Extensions.swift', '__PBXFileRef_Sources/Jay/Formatter.swift', '__PBXFileRef_Sources/Jay/Jay.swift', '__PBXFileRef_Sources/Jay/NativeParser.swift', '__PBXFileRef_Sources/Jay/NativeTypeConversions.swift', '__PBXFileRef_Sources/Jay/NullParser.swift', '__PBXFileRef_Sources/Jay/NumberParser.swift', '__PBXFileRef_Sources/Jay/ObjectParser.swift', '__PBXFileRef_Sources/Jay/Parser.swift', '__PBXFileRef_Sources/Jay/Reader.swift', '__PBXFileRef_Sources/Jay/RootParser.swift', '__PBXFileRef_Sources/Jay/StringParser.swift', '__PBXFileRef_Sources/Jay/Types.swift', '__PBXFileRef_Sources/Jay/ValueParser.swift');
        };
        '__PBXFileRef_Sources/Jay/ArrayParser.swift' = {
            isa = PBXFileReference;
            lastKnownFileType = sourcecode.swift;
            name = 'ArrayParser.swift';
            sourceTree = '<group>';
        };
        '__PBXFileRef_Sources/Jay/BooleanParser.swift' = {
            isa = PBXFileReference;
            lastKnownFileType = sourcecode.swift;
            name = 'BooleanParser.swift';
            sourceTree = '<group>';
        };
        '__PBXFileRef_Sources/Jay/ByteReader.swift' = {
            isa = PBXFileReference;
            lastKnownFileType = sourcecode.swift;
            name = 'ByteReader.swift';
            sourceTree = '<group>';
        };
        '__PBXFileRef_Sources/Jay/Consts.swift' = {
            isa = PBXFileReference;
            lastKnownFileType = sourcecode.swift;
            name = 'Consts.swift';
            sourceTree = '<group>';
        };
        '__PBXFileRef_Sources/Jay/Error.swift' = {
            isa = PBXFileReference;
            lastKnownFileType = sourcecode.swift;
            name = 'Error.swift';
            sourceTree = '<group>';
        };
        '__PBXFileRef_Sources/Jay/Extensions.swift' = {
            isa = PBXFileReference;
            lastKnownFileType = sourcecode.swift;
            name = 'Extensions.swift';
            sourceTree = '<group>';
        };
        '__PBXFileRef_Sources/Jay/Formatter.swift' = {
            isa = PBXFileReference;
            lastKnownFileType = sourcecode.swift;
            name = 'Formatter.swift';
            sourceTree = '<group>';
        };
        '__PBXFileRef_Sources/Jay/Jay.swift' = {
            isa = PBXFileReference;
            lastKnownFileType = sourcecode.swift;
            name = 'Jay.swift';
            sourceTree = '<group>';
        };
        '__PBXFileRef_Sources/Jay/NativeParser.swift' = {
            isa = PBXFileReference;
            lastKnownFileType = sourcecode.swift;
            name = 'NativeParser.swift';
            sourceTree = '<group>';
        };
        '__PBXFileRef_Sources/Jay/NativeTypeConversions.swift' = {
            isa = PBXFileReference;
            lastKnownFileType = sourcecode.swift;
            name = 'NativeTypeConversions.swift';
            sourceTree = '<group>';
        };
        '__PBXFileRef_Sources/Jay/NullParser.swift' = {
            isa = PBXFileReference;
            lastKnownFileType = sourcecode.swift;
            name = 'NullParser.swift';
            sourceTree = '<group>';
        };
        '__PBXFileRef_Sources/Jay/NumberParser.swift' = {
            isa = PBXFileReference;
            lastKnownFileType = sourcecode.swift;
            name = 'NumberParser.swift';
            sourceTree = '<group>';
        };
        '__PBXFileRef_Sources/Jay/ObjectParser.swift' = {
            isa = PBXFileReference;
            lastKnownFileType = sourcecode.swift;
            name = 'ObjectParser.swift';
            sourceTree = '<group>';
        };
        '__PBXFileRef_Sources/Jay/Parser.swift' = {
            isa = PBXFileReference;
            lastKnownFileType = sourcecode.swift;
            name = 'Parser.swift';
            sourceTree = '<group>';
        };
        '__PBXFileRef_Sources/Jay/Reader.swift' = {
            isa = PBXFileReference;
            lastKnownFileType = sourcecode.swift;
            name = 'Reader.swift';
            sourceTree = '<group>';
        };
        '__PBXFileRef_Sources/Jay/RootParser.swift' = {
            isa = PBXFileReference;
            lastKnownFileType = sourcecode.swift;
            name = 'RootParser.swift';
            sourceTree = '<group>';
        };
        '__PBXFileRef_Sources/Jay/StringParser.swift' = {
            isa = PBXFileReference;
            lastKnownFileType = sourcecode.swift;
            name = 'StringParser.swift';
            sourceTree = '<group>';
        };
        '__PBXFileRef_Sources/Jay/Types.swift' = {
            isa = PBXFileReference;
            lastKnownFileType = sourcecode.swift;
            name = 'Types.swift';
            sourceTree = '<group>';
        };
        '__PBXFileRef_Sources/Jay/ValueParser.swift' = {
            isa = PBXFileReference;
            lastKnownFileType = sourcecode.swift;
            name = 'ValueParser.swift';
            sourceTree = '<group>';
        };
        ______Target_Jay = {
            isa = PBXNativeTarget;
            buildConfigurationList = _______Confs_Jay;
            buildPhases = (CompilePhase_Jay, ___LinkPhase_Jay);
            buildRules = ();
            dependencies = ();
            name = Jay;
            productName = Jay;
            productReference = _____Product_Jay;
            productType = 'com.apple.product-type.library.dynamic';
        };
        _____Product_Jay = {
            isa = PBXFileReference;
            explicitFileType = 'compiled.mach-o.dylib';
            path = 'Jay.dylib';
            sourceTree = BUILT_PRODUCTS_DIR;
        };
        CompilePhase_Jay = {
            isa = PBXSourcesBuildPhase;
            files = ('__src_cc_ref_Sources/Jay/ArrayParser.swift', '__src_cc_ref_Sources/Jay/BooleanParser.swift', '__src_cc_ref_Sources/Jay/ByteReader.swift', '__src_cc_ref_Sources/Jay/Consts.swift', '__src_cc_ref_Sources/Jay/Error.swift', '__src_cc_ref_Sources/Jay/Extensions.swift', '__src_cc_ref_Sources/Jay/Formatter.swift', '__src_cc_ref_Sources/Jay/Jay.swift', '__src_cc_ref_Sources/Jay/NativeParser.swift', '__src_cc_ref_Sources/Jay/NativeTypeConversions.swift', '__src_cc_ref_Sources/Jay/NullParser.swift', '__src_cc_ref_Sources/Jay/NumberParser.swift', '__src_cc_ref_Sources/Jay/ObjectParser.swift', '__src_cc_ref_Sources/Jay/Parser.swift', '__src_cc_ref_Sources/Jay/Reader.swift', '__src_cc_ref_Sources/Jay/RootParser.swift', '__src_cc_ref_Sources/Jay/StringParser.swift', '__src_cc_ref_Sources/Jay/Types.swift', '__src_cc_ref_Sources/Jay/ValueParser.swift');
            runOnlyForDeploymentPostprocessing = 0;
        };
        ___LinkPhase_Jay = {
            isa = PBXFrameworksBuildPhase;
            files = ();
            runOnlyForDeploymentPostprocessing = 0;
        };
        '__src_cc_ref_Sources/Jay/ArrayParser.swift' = {
            isa = PBXBuildFile;
            fileRef = '__PBXFileRef_Sources/Jay/ArrayParser.swift';
        };
        '__src_cc_ref_Sources/Jay/BooleanParser.swift' = {
            isa = PBXBuildFile;
            fileRef = '__PBXFileRef_Sources/Jay/BooleanParser.swift';
        };
        '__src_cc_ref_Sources/Jay/ByteReader.swift' = {
            isa = PBXBuildFile;
            fileRef = '__PBXFileRef_Sources/Jay/ByteReader.swift';
        };
        '__src_cc_ref_Sources/Jay/Consts.swift' = {
            isa = PBXBuildFile;
            fileRef = '__PBXFileRef_Sources/Jay/Consts.swift';
        };
        '__src_cc_ref_Sources/Jay/Error.swift' = {
            isa = PBXBuildFile;
            fileRef = '__PBXFileRef_Sources/Jay/Error.swift';
        };
        '__src_cc_ref_Sources/Jay/Extensions.swift' = {
            isa = PBXBuildFile;
            fileRef = '__PBXFileRef_Sources/Jay/Extensions.swift';
        };
        '__src_cc_ref_Sources/Jay/Formatter.swift' = {
            isa = PBXBuildFile;
            fileRef = '__PBXFileRef_Sources/Jay/Formatter.swift';
        };
        '__src_cc_ref_Sources/Jay/Jay.swift' = {
            isa = PBXBuildFile;
            fileRef = '__PBXFileRef_Sources/Jay/Jay.swift';
        };
        '__src_cc_ref_Sources/Jay/NativeParser.swift' = {
            isa = PBXBuildFile;
            fileRef = '__PBXFileRef_Sources/Jay/NativeParser.swift';
        };
        '__src_cc_ref_Sources/Jay/NativeTypeConversions.swift' = {
            isa = PBXBuildFile;
            fileRef = '__PBXFileRef_Sources/Jay/NativeTypeConversions.swift';
        };
        '__src_cc_ref_Sources/Jay/NullParser.swift' = {
            isa = PBXBuildFile;
            fileRef = '__PBXFileRef_Sources/Jay/NullParser.swift';
        };
        '__src_cc_ref_Sources/Jay/NumberParser.swift' = {
            isa = PBXBuildFile;
            fileRef = '__PBXFileRef_Sources/Jay/NumberParser.swift';
        };
        '__src_cc_ref_Sources/Jay/ObjectParser.swift' = {
            isa = PBXBuildFile;
            fileRef = '__PBXFileRef_Sources/Jay/ObjectParser.swift';
        };
        '__src_cc_ref_Sources/Jay/Parser.swift' = {
            isa = PBXBuildFile;
            fileRef = '__PBXFileRef_Sources/Jay/Parser.swift';
        };
        '__src_cc_ref_Sources/Jay/Reader.swift' = {
            isa = PBXBuildFile;
            fileRef = '__PBXFileRef_Sources/Jay/Reader.swift';
        };
        '__src_cc_ref_Sources/Jay/RootParser.swift' = {
            isa = PBXBuildFile;
            fileRef = '__PBXFileRef_Sources/Jay/RootParser.swift';
        };
        '__src_cc_ref_Sources/Jay/StringParser.swift' = {
            isa = PBXBuildFile;
            fileRef = '__PBXFileRef_Sources/Jay/StringParser.swift';
        };
        '__src_cc_ref_Sources/Jay/Types.swift' = {
            isa = PBXBuildFile;
            fileRef = '__PBXFileRef_Sources/Jay/Types.swift';
        };
        '__src_cc_ref_Sources/Jay/ValueParser.swift' = {
            isa = PBXBuildFile;
            fileRef = '__PBXFileRef_Sources/Jay/ValueParser.swift';
        };
        _LinkFileRef_Jay = {
            isa = PBXBuildFile;
            fileRef = _____Product_Jay;
        };
        _______Confs_Jay = {
            isa = XCConfigurationList;
            buildConfigurations = (___DebugConf_Jay, _ReleaseConf_Jay);
            defaultConfigurationIsVisible = 0;
            defaultConfigurationName = Debug;
        };
        ___DebugConf_Jay = {
            isa = XCBuildConfiguration;
            buildSettings = { DYLIB_INSTALL_NAME_BASE = '$(CONFIGURATION_BUILD_DIR)'; LD_RUNPATH_SEARCH_PATHS = '$(TOOLCHAIN_DIR)/usr/lib/swift/macosx'; PRODUCT_MODULE_NAME = Jay; ENABLE_TESTABILITY = YES; MACOSX_DEPLOYMENT_TARGET = '10.10'; OTHER_SWIFT_FLAGS = ( "-DXcode" ); OTHER_CFLAGS = (  ); COMBINE_HIDPI_IMAGES = YES; SWIFT_OPTIMIZATION_LEVEL = -Onone; OTHER_LDFLAGS = (  ); PRODUCT_NAME = 'lib$(TARGET_NAME)'; };
            name = Debug;
        };
        _ReleaseConf_Jay = {
            isa = XCBuildConfiguration;
            buildSettings = { DYLIB_INSTALL_NAME_BASE = '$(CONFIGURATION_BUILD_DIR)'; LD_RUNPATH_SEARCH_PATHS = '$(TOOLCHAIN_DIR)/usr/lib/swift/macosx'; PRODUCT_MODULE_NAME = Jay; ENABLE_TESTABILITY = YES; MACOSX_DEPLOYMENT_TARGET = '10.10'; OTHER_SWIFT_FLAGS = ( "-DXcode" ); OTHER_CFLAGS = (  ); COMBINE_HIDPI_IMAGES = YES; OTHER_LDFLAGS = (  ); PRODUCT_NAME = 'lib$(TARGET_NAME)'; };
            name = Release;
        };
        __Dependency_Jay = {
            isa = PBXTargetDependency;
            target = ______Target_Jay;
        };
        _______Group_JayExample = {
            isa = PBXGroup;
            name = JayExample;
            path = '../Sources/JayExample';
            sourceTree = '<group>';
            children = ('__PBXFileRef_Sources/JayExample/main.swift');
        };
        '__PBXFileRef_Sources/JayExample/main.swift' = {
            isa = PBXFileReference;
            lastKnownFileType = sourcecode.swift;
            name = 'main.swift';
            sourceTree = '<group>';
        };
        ______Target_JayExample = {
            isa = PBXNativeTarget;
            buildConfigurationList = _______Confs_JayExample;
            buildPhases = (CompilePhase_JayExample, ___LinkPhase_JayExample);
            buildRules = ();
            dependencies = (__Dependency_Jay);
            name = JayExample;
            productName = JayExample;
            productReference = _____Product_JayExample;
            productType = 'com.apple.product-type.tool';
        };
        _____Product_JayExample = {
            isa = PBXFileReference;
            explicitFileType = 'compiled.mach-o.executable';
            path = 'JayExample';
            sourceTree = BUILT_PRODUCTS_DIR;
        };
        CompilePhase_JayExample = {
            isa = PBXSourcesBuildPhase;
            files = ('__src_cc_ref_Sources/JayExample/main.swift');
            runOnlyForDeploymentPostprocessing = 0;
        };
        ___LinkPhase_JayExample = {
            isa = PBXFrameworksBuildPhase;
            files = (_LinkFileRef_Jay);
            runOnlyForDeploymentPostprocessing = 0;
        };
        '__src_cc_ref_Sources/JayExample/main.swift' = {
            isa = PBXBuildFile;
            fileRef = '__PBXFileRef_Sources/JayExample/main.swift';
        };
        _LinkFileRef_JayExample = {
            isa = PBXBuildFile;
            fileRef = _____Product_JayExample;
        };
        _______Confs_JayExample = {
            isa = XCConfigurationList;
            buildConfigurations = (___DebugConf_JayExample, _ReleaseConf_JayExample);
            defaultConfigurationIsVisible = 0;
            defaultConfigurationName = Debug;
        };
        ___DebugConf_JayExample = {
            isa = XCBuildConfiguration;
            buildSettings = { LD_RUNPATH_SEARCH_PATHS = '$(TOOLCHAIN_DIR)/usr/lib/swift/macosx'; PRODUCT_MODULE_NAME = JayExample; MACOSX_DEPLOYMENT_TARGET = '10.10'; OTHER_SWIFT_FLAGS = ( "-DXcode" ); OTHER_CFLAGS = (  ); COMBINE_HIDPI_IMAGES = YES; SWIFT_FORCE_STATIC_LINK_STDLIB = NO; SWIFT_FORCE_DYNAMIC_LINK_STDLIB = YES; SWIFT_OPTIMIZATION_LEVEL = -Onone; OTHER_LDFLAGS = (  ); PRODUCT_NAME = '$(TARGET_NAME)'; };
            name = Debug;
        };
        _ReleaseConf_JayExample = {
            isa = XCBuildConfiguration;
            buildSettings = { LD_RUNPATH_SEARCH_PATHS = '$(TOOLCHAIN_DIR)/usr/lib/swift/macosx'; PRODUCT_MODULE_NAME = JayExample; MACOSX_DEPLOYMENT_TARGET = '10.10'; OTHER_SWIFT_FLAGS = ( "-DXcode" ); OTHER_CFLAGS = (  ); COMBINE_HIDPI_IMAGES = YES; SWIFT_FORCE_STATIC_LINK_STDLIB = NO; SWIFT_FORCE_DYNAMIC_LINK_STDLIB = YES; OTHER_LDFLAGS = (  ); PRODUCT_NAME = '$(TARGET_NAME)'; };
            name = Release;
        };
        __Dependency_JayExample = {
            isa = PBXTargetDependency;
            target = ______Target_JayExample;
        };
        _______Group_JayTestSuite = {
            isa = PBXGroup;
            name = Jay.testsuite;
            path = '../Tests/Jay';
            sourceTree = '<group>';
            children = ('__PBXFileRef_Tests/Jay/ConstsTests.swift', '__PBXFileRef_Tests/Jay/FormattingTests.swift', '__PBXFileRef_Tests/Jay/ParsingTests.swift', '__PBXFileRef_Tests/Jay/PerformanceTests.swift', '__PBXFileRef_Tests/Jay/ReaderTests.swift', '__PBXFileRef_Tests/Jay/TestUtils.swift');
        };
        '__PBXFileRef_Tests/Jay/ConstsTests.swift' = {
            isa = PBXFileReference;
            lastKnownFileType = sourcecode.swift;
            name = 'ConstsTests.swift';
            sourceTree = '<group>';
        };
        '__PBXFileRef_Tests/Jay/FormattingTests.swift' = {
            isa = PBXFileReference;
            lastKnownFileType = sourcecode.swift;
            name = 'FormattingTests.swift';
            sourceTree = '<group>';
        };
        '__PBXFileRef_Tests/Jay/ParsingTests.swift' = {
            isa = PBXFileReference;
            lastKnownFileType = sourcecode.swift;
            name = 'ParsingTests.swift';
            sourceTree = '<group>';
        };
        '__PBXFileRef_Tests/Jay/PerformanceTests.swift' = {
            isa = PBXFileReference;
            lastKnownFileType = sourcecode.swift;
            name = 'PerformanceTests.swift';
            sourceTree = '<group>';
        };
        '__PBXFileRef_Tests/Jay/ReaderTests.swift' = {
            isa = PBXFileReference;
            lastKnownFileType = sourcecode.swift;
            name = 'ReaderTests.swift';
            sourceTree = '<group>';
        };
        '__PBXFileRef_Tests/Jay/TestUtils.swift' = {
            isa = PBXFileReference;
            lastKnownFileType = sourcecode.swift;
            name = 'TestUtils.swift';
            sourceTree = '<group>';
        };
        ______Target_JayTestSuite = {
            isa = PBXNativeTarget;
            buildConfigurationList = _______Confs_JayTestSuite;
            buildPhases = (CompilePhase_JayTestSuite, ___LinkPhase_JayTestSuite);
            buildRules = ();
            dependencies = (__Dependency_Jay);
            name = Jay.testsuite;
            productName = JayTestSuite;
            productReference = _____Product_JayTestSuite;
            productType = 'com.apple.product-type.bundle.unit-test';
        };
        _____Product_JayTestSuite = {
            isa = PBXFileReference;
            explicitFileType = 'compiled.mach-o.wrapper.cfbundle';
            path = 'JayTestSuite.xctest';
            sourceTree = BUILT_PRODUCTS_DIR;
        };
        CompilePhase_JayTestSuite = {
            isa = PBXSourcesBuildPhase;
            files = ('__src_cc_ref_Tests/Jay/ConstsTests.swift', '__src_cc_ref_Tests/Jay/FormattingTests.swift', '__src_cc_ref_Tests/Jay/ParsingTests.swift', '__src_cc_ref_Tests/Jay/PerformanceTests.swift', '__src_cc_ref_Tests/Jay/ReaderTests.swift', '__src_cc_ref_Tests/Jay/TestUtils.swift');
            runOnlyForDeploymentPostprocessing = 0;
        };
        ___LinkPhase_JayTestSuite = {
            isa = PBXFrameworksBuildPhase;
            files = (_LinkFileRef_Jay);
            runOnlyForDeploymentPostprocessing = 0;
        };
        '__src_cc_ref_Tests/Jay/ConstsTests.swift' = {
            isa = PBXBuildFile;
            fileRef = '__PBXFileRef_Tests/Jay/ConstsTests.swift';
        };
        '__src_cc_ref_Tests/Jay/FormattingTests.swift' = {
            isa = PBXBuildFile;
            fileRef = '__PBXFileRef_Tests/Jay/FormattingTests.swift';
        };
        '__src_cc_ref_Tests/Jay/ParsingTests.swift' = {
            isa = PBXBuildFile;
            fileRef = '__PBXFileRef_Tests/Jay/ParsingTests.swift';
        };
        '__src_cc_ref_Tests/Jay/PerformanceTests.swift' = {
            isa = PBXBuildFile;
            fileRef = '__PBXFileRef_Tests/Jay/PerformanceTests.swift';
        };
        '__src_cc_ref_Tests/Jay/ReaderTests.swift' = {
            isa = PBXBuildFile;
            fileRef = '__PBXFileRef_Tests/Jay/ReaderTests.swift';
        };
        '__src_cc_ref_Tests/Jay/TestUtils.swift' = {
            isa = PBXBuildFile;
            fileRef = '__PBXFileRef_Tests/Jay/TestUtils.swift';
        };
        _LinkFileRef_JayTestSuite = {
            isa = PBXBuildFile;
            fileRef = _____Product_JayTestSuite;
        };
        _______Confs_JayTestSuite = {
            isa = XCConfigurationList;
            buildConfigurations = (___DebugConf_JayTestSuite, _ReleaseConf_JayTestSuite);
            defaultConfigurationIsVisible = 0;
            defaultConfigurationName = Debug;
        };
        ___DebugConf_JayTestSuite = {
            isa = XCBuildConfiguration;
            buildSettings = { LD_RUNPATH_SEARCH_PATHS = '@loader_path/../Frameworks'; PRODUCT_MODULE_NAME = JayTestSuite; MACOSX_DEPLOYMENT_TARGET = '10.10'; OTHER_SWIFT_FLAGS = ( "-DXcode" ); OTHER_CFLAGS = (  ); COMBINE_HIDPI_IMAGES = YES; SWIFT_OPTIMIZATION_LEVEL = -Onone; EMBEDDED_CONTENT_CONTAINS_SWIFT = YES; OTHER_LDFLAGS = (  ); PRODUCT_NAME = '$(TARGET_NAME)'; };
            name = Debug;
        };
        _ReleaseConf_JayTestSuite = {
            isa = XCBuildConfiguration;
            buildSettings = { LD_RUNPATH_SEARCH_PATHS = '@loader_path/../Frameworks'; PRODUCT_MODULE_NAME = JayTestSuite; MACOSX_DEPLOYMENT_TARGET = '10.10'; OTHER_SWIFT_FLAGS = ( "-DXcode" ); OTHER_CFLAGS = (  ); COMBINE_HIDPI_IMAGES = YES; EMBEDDED_CONTENT_CONTAINS_SWIFT = YES; OTHER_LDFLAGS = (  ); PRODUCT_NAME = '$(TARGET_NAME)'; };
            name = Release;
        };
        __Dependency_JayTestSuite = {
            isa = PBXTargetDependency;
            target = ______Target_JayTestSuite;
        };
        _____Sources_ = {
            isa = PBXGroup;
            children = (_______Group_Jay, _______Group_JayExample);
            name = Sources;
            sourceTree = '<group>';
        };
        Dependencies_ = {
            isa = PBXGroup;
            children = ();
            name = Dependencies;
            sourceTree = '<group>';
        };
        _______Tests_ = {
            isa = PBXGroup;
            children = (_______Group_JayTestSuite);
            name = Tests;
            sourceTree = '<group>';
        };
       TestProducts_ = {
            isa = PBXGroup;
            children = (_____Product_JayTestSuite);
            name = Tests;
            sourceTree = '<group>';
        };
        ____Products_ = {
            isa = PBXGroup;
            children = (TestProducts_, _____Product_Jay, _____Product_JayExample);
            name = Products;
            sourceTree = '<group>';
        };
        _______Debug_ = {
            isa = XCBuildConfiguration;
            buildSettings = {};
            name = Debug;
        };
        _____Release_ = {
            isa = XCBuildConfiguration;
            buildSettings = {};
            name = Release;
        };
        ___RootConfs_ = {
            isa = XCConfigurationList;
            buildConfigurations = (_______Debug_, _____Release_);
            defaultConfigurationIsVisible = 0;
            defaultConfigurationName = Debug;
        };
    };
}
